
Microsoft Visual Studio Solution File, Format Version 12.00
# Visual Studio Version 17
VisualStudioVersion = 17.5.33530.505
MinimumVisualStudioVersion = 10.0.40219.1
Project("{9A19103F-16F7-4668-BE54-9A1E7A4F7556}") = "Learn.Blazor.Net6.Pag.Server", "src\Learn.Blazor.Net6.Pag.Server\Learn.Blazor.Net6.Pag.Server.csproj", "{D256F632-4EF6-4DD3-9DDE-DB7681591EC5}"
EndProject
Project("{9A19103F-16F7-4668-BE54-9A1E7A4F7556}") = "Learn.Blazor.Net6.Pag.Client.Web", "src\Learn.Blazor.Net6.Pag.Client.Web\Learn.Blazor.Net6.Pag.Client.Web.csproj", "{77B8E2FB-86E3-42C9-8EE1-AA1B807302E2}"
EndProject
Project("{9A19103F-16F7-4668-BE54-9A1E7A4F7556}") = "Learn.Blazor.Net6.Pag.Data", "src\Learn.Blazor.Net6.Pag.Data\Learn.Blazor.Net6.Pag.Data.csproj", "{349A8507-79A6-40AA-83DE-9B3959901AA5}"
EndProject
Project("{9A19103F-16F7-4668-BE54-9A1E7A4F7556}") = "Learn.Blazor.Net6.Pag.Models", "src\Learn.Blazor.Net6.Pag.Models\Learn.Blazor.Net6.Pag.Models.csproj", "{1940F7A7-5C75-4B12-B4E6-A6B0C1BD0F20}"
EndProject
Project("{9A19103F-16F7-4668-BE54-9A1E7A4F7556}") = "Learn.Blazor.Net6.Pag.Grpc", "src\Learn.Blazor.Net6.Pag.Grpc\Learn.Blazor.Net6.Pag.Grpc.csproj", "{F2DE89CF-20A0-4067-B1ED-A24FFC98C045}"
EndProject
Project("{2150E333-8FDC-42A3-9474-1A3956D46DE8}") = "Server", "Server", "{3997FE76-5E8D-413D-8E5B-A86D7062C9E4}"
EndProject
Project("{2150E333-8FDC-42A3-9474-1A3956D46DE8}") = "Clients", "Clients", "{C40E7D55-4773-4193-919F-712831BCF440}"
EndProject
Project("{2150E333-8FDC-42A3-9474-1A3956D46DE8}") = "Common", "Common", "{E76634B1-7DC4-46D5-A5F9-CA8A3C09FC0C}"
EndProject
Project("{9A19103F-16F7-4668-BE54-9A1E7A4F7556}") = "Learn.Blazor.Net6.Pag.Server.Models", "src\Learn.Blazor.Net6.Pag.Server.Models\Learn.Blazor.Net6.Pag.Server.Models.csproj", "{AF832DE1-5088-49E5-A45B-1B104E2D0581}"
EndProject
Project("{9A19103F-16F7-4668-BE54-9A1E7A4F7556}") = "Learn.Blazor.Net6.Pag.Extensions", "src\Learn.Blazor.Net6.Pag.Extensions\Learn.Blazor.Net6.Pag.Extensions.csproj", "{4F2AAD24-0CA1-42C5-95A6-EC0946F3709A}"
EndProject
Project("{9A19103F-16F7-4668-BE54-9A1E7A4F7556}") = "Learn.Blazor.Net6.Pag.Client.App", "src\Learn.Blazor.Net6.Pag.Client.App\Learn.Blazor.Net6.Pag.Client.App.csproj", "{CAF2B503-2B1D-410B-9E87-923C1D245CA3}"
EndProject
Project("{FAE04EC0-301F-11D3-BF4B-00C04F79EFBC}") = "Learn.Blazor.Net6.Pag.Client", "src\Learn.Blazor.Net6.Pag.Client\Learn.Blazor.Net6.Pag.Client.csproj", "{B446829A-8CD3-41F8-B21A-61BAFD771CF1}"
EndProject
Global
	GlobalSection(SolutionConfigurationPlatforms) = preSolution
		Debug|Any CPU = Debug|Any CPU
		Release|Any CPU = Release|Any CPU
	EndGlobalSection
	GlobalSection(ProjectConfigurationPlatforms) = postSolution
		{D256F632-4EF6-4DD3-9DDE-DB7681591EC5}.Debug|Any CPU.ActiveCfg = Debug|Any CPU
		{D256F632-4EF6-4DD3-9DDE-DB7681591EC5}.Debug|Any CPU.Build.0 = Debug|Any CPU
		{D256F632-4EF6-4DD3-9DDE-DB7681591EC5}.Release|Any CPU.ActiveCfg = Release|Any CPU
		{D256F632-4EF6-4DD3-9DDE-DB7681591EC5}.Release|Any CPU.Build.0 = Release|Any CPU
		{77B8E2FB-86E3-42C9-8EE1-AA1B807302E2}.Debug|Any CPU.ActiveCfg = Debug|Any CPU
		{77B8E2FB-86E3-42C9-8EE1-AA1B807302E2}.Debug|Any CPU.Build.0 = Debug|Any CPU
		{77B8E2FB-86E3-42C9-8EE1-AA1B807302E2}.Release|Any CPU.ActiveCfg = Release|Any CPU
		{77B8E2FB-86E3-42C9-8EE1-AA1B807302E2}.Release|Any CPU.Build.0 = Release|Any CPU
		{349A8507-79A6-40AA-83DE-9B3959901AA5}.Debug|Any CPU.ActiveCfg = Debug|Any CPU
		{349A8507-79A6-40AA-83DE-9B3959901AA5}.Debug|Any CPU.Build.0 = Debug|Any CPU
		{349A8507-79A6-40AA-83DE-9B3959901AA5}.Release|Any CPU.ActiveCfg = Release|Any CPU
		{349A8507-79A6-40AA-83DE-9B3959901AA5}.Release|Any CPU.Build.0 = Release|Any CPU
		{1940F7A7-5C75-4B12-B4E6-A6B0C1BD0F20}.Debug|Any CPU.ActiveCfg = Debug|Any CPU
		{1940F7A7-5C75-4B12-B4E6-A6B0C1BD0F20}.Debug|Any CPU.Build.0 = Debug|Any CPU
		{1940F7A7-5C75-4B12-B4E6-A6B0C1BD0F20}.Release|Any CPU.ActiveCfg = Release|Any CPU
		{1940F7A7-5C75-4B12-B4E6-A6B0C1BD0F20}.Release|Any CPU.Build.0 = Release|Any CPU
		{F2DE89CF-20A0-4067-B1ED-A24FFC98C045}.Debug|Any CPU.ActiveCfg = Debug|Any CPU
		{F2DE89CF-20A0-4067-B1ED-A24FFC98C045}.Debug|Any CPU.Build.0 = Debug|Any CPU
		{F2DE89CF-20A0-4067-B1ED-A24FFC98C045}.Release|Any CPU.ActiveCfg = Release|Any CPU
		{F2DE89CF-20A0-4067-B1ED-A24FFC98C045}.Release|Any CPU.Build.0 = Release|Any CPU
		{AF832DE1-5088-49E5-A45B-1B104E2D0581}.Debug|Any CPU.ActiveCfg = Debug|Any CPU
		{AF832DE1-5088-49E5-A45B-1B104E2D0581}.Debug|Any CPU.Build.0 = Debug|Any CPU
		{AF832DE1-5088-49E5-A45B-1B104E2D0581}.Release|Any CPU.ActiveCfg = Release|Any CPU
		{AF832DE1-5088-49E5-A45B-1B104E2D0581}.Release|Any CPU.Build.0 = Release|Any CPU
		{4F2AAD24-0CA1-42C5-95A6-EC0946F3709A}.Debug|Any CPU.ActiveCfg = Debug|Any CPU
		{4F2AAD24-0CA1-42C5-95A6-EC0946F3709A}.Debug|Any CPU.Build.0 = Debug|Any CPU
		{4F2AAD24-0CA1-42C5-95A6-EC0946F3709A}.Release|Any CPU.ActiveCfg = Release|Any CPU
		{4F2AAD24-0CA1-42C5-95A6-EC0946F3709A}.Release|Any CPU.Build.0 = Release|Any CPU
		{CAF2B503-2B1D-410B-9E87-923C1D245CA3}.Debug|Any CPU.ActiveCfg = Debug|Any CPU
		{CAF2B503-2B1D-410B-9E87-923C1D245CA3}.Debug|Any CPU.Build.0 = Debug|Any CPU
		{CAF2B503-2B1D-410B-9E87-923C1D245CA3}.Debug|Any CPU.Deploy.0 = Debug|Any CPU
		{CAF2B503-2B1D-410B-9E87-923C1D245CA3}.Release|Any CPU.ActiveCfg = Release|Any CPU
		{CAF2B503-2B1D-410B-9E87-923C1D245CA3}.Release|Any CPU.Build.0 = Release|Any CPU
		{CAF2B503-2B1D-410B-9E87-923C1D245CA3}.Release|Any CPU.Deploy.0 = Release|Any CPU
		{B446829A-8CD3-41F8-B21A-61BAFD771CF1}.Debug|Any CPU.ActiveCfg = Debug|Any CPU
		{B446829A-8CD3-41F8-B21A-61BAFD771CF1}.Debug|Any CPU.Build.0 = Debug|Any CPU
		{B446829A-8CD3-41F8-B21A-61BAFD771CF1}.Release|Any CPU.ActiveCfg = Release|Any CPU
		{B446829A-8CD3-41F8-B21A-61BAFD771CF1}.Release|Any CPU.Build.0 = Release|Any CPU
	EndGlobalSection
	GlobalSection(SolutionProperties) = preSolution
		HideSolutionNode = FALSE
	EndGlobalSection
	GlobalSection(NestedProjects) = preSolution
		{D256F632-4EF6-4DD3-9DDE-DB7681591EC5} = {3997FE76-5E8D-413D-8E5B-A86D7062C9E4}
		{77B8E2FB-86E3-42C9-8EE1-AA1B807302E2} = {C40E7D55-4773-4193-919F-712831BCF440}
		{349A8507-79A6-40AA-83DE-9B3959901AA5} = {3997FE76-5E8D-413D-8E5B-A86D7062C9E4}
		{1940F7A7-5C75-4B12-B4E6-A6B0C1BD0F20} = {E76634B1-7DC4-46D5-A5F9-CA8A3C09FC0C}
		{F2DE89CF-20A0-4067-B1ED-A24FFC98C045} = {E76634B1-7DC4-46D5-A5F9-CA8A3C09FC0C}
		{AF832DE1-5088-49E5-A45B-1B104E2D0581} = {3997FE76-5E8D-413D-8E5B-A86D7062C9E4}
		{4F2AAD24-0CA1-42C5-95A6-EC0946F3709A} = {E76634B1-7DC4-46D5-A5F9-CA8A3C09FC0C}
		{CAF2B503-2B1D-410B-9E87-923C1D245CA3} = {C40E7D55-4773-4193-919F-712831BCF440}
		{B446829A-8CD3-41F8-B21A-61BAFD771CF1} = {C40E7D55-4773-4193-919F-712831BCF440}
	EndGlobalSection
	GlobalSection(ExtensibilityGlobals) = postSolution
		SolutionGuid = {E7785739-C9A6-4B07-88A8-41D4A3A5FAA7}
	EndGlobalSection
EndGlobal
